{
  "name": "keep_sam_happy",
  "version": "1.0.0",
  "lockfileVersion": 1,
  "requires": true,
  "dependencies": {
    "@aws-crypto/ie11-detection": {
      "version": "2.0.0",
      "resolved": "https://registry.npmjs.org/@aws-crypto/ie11-detection/-/ie11-detection-2.0.0.tgz",
      "integrity": "sha512-pkVXf/dq6PITJ0jzYZ69VhL8VFOFoPZLZqtU/12SGnzYuJOOGNfF41q9GxdI1yqC8R13Rq3jOLKDFpUJFT5eTA==",
      "requires": {
        "tslib": "^1.11.1"
      },
      "dependencies": {
        "tslib": {
          "version": "1.14.1",
          "resolved": "https://registry.npmjs.org/tslib/-/tslib-1.14.1.tgz",
          "integrity": "sha512-Xni35NKzjgMrwevysHTCArtLDpPvye8zV/0E4EyYn43P7/7qvQwPh9BGkHewbMulVntbigmcT7rdX3BNo9wRJg=="
        }
      }
    },
    "@aws-crypto/sha256-browser": {
      "version": "2.0.0",
      "resolved": "https://registry.npmjs.org/@aws-crypto/sha256-browser/-/sha256-browser-2.0.0.tgz",
      "integrity": "sha512-rYXOQ8BFOaqMEHJrLHul/25ckWH6GTJtdLSajhlqGMx0PmSueAuvboCuZCTqEKlxR8CQOwRarxYMZZSYlhRA1A==",
      "requires": {
        "@aws-crypto/ie11-detection": "^2.0.0",
        "@aws-crypto/sha256-js": "^2.0.0",
        "@aws-crypto/supports-web-crypto": "^2.0.0",
        "@aws-crypto/util": "^2.0.0",
        "@aws-sdk/types": "^3.1.0",
        "@aws-sdk/util-locate-window": "^3.0.0",
        "@aws-sdk/util-utf8-browser": "^3.0.0",
        "tslib": "^1.11.1"
      },
      "dependencies": {
        "tslib": {
          "version": "1.14.1",
          "resolved": "https://registry.npmjs.org/tslib/-/tslib-1.14.1.tgz",
          "integrity": "sha512-Xni35NKzjgMrwevysHTCArtLDpPvye8zV/0E4EyYn43P7/7qvQwPh9BGkHewbMulVntbigmcT7rdX3BNo9wRJg=="
        }
      }
    },
    "@aws-crypto/sha256-js": {
      "version": "2.0.0",
      "resolved": "https://registry.npmjs.org/@aws-crypto/sha256-js/-/sha256-js-2.0.0.tgz",
      "integrity": "sha512-VZY+mCY4Nmrs5WGfitmNqXzaE873fcIZDu54cbaDaaamsaTOP1DBImV9F4pICc3EHjQXujyE8jig+PFCaew9ig==",
      "requires": {
        "@aws-crypto/util": "^2.0.0",
        "@aws-sdk/types": "^3.1.0",
        "tslib": "^1.11.1"
      },
      "dependencies": {
        "tslib": {
          "version": "1.14.1",
          "resolved": "https://registry.npmjs.org/tslib/-/tslib-1.14.1.tgz",
          "integrity": "sha512-Xni35NKzjgMrwevysHTCArtLDpPvye8zV/0E4EyYn43P7/7qvQwPh9BGkHewbMulVntbigmcT7rdX3BNo9wRJg=="
        }
      }
    },
    "@aws-crypto/supports-web-crypto": {
      "version": "2.0.0",
      "resolved": "https://registry.npmjs.org/@aws-crypto/supports-web-crypto/-/supports-web-crypto-2.0.0.tgz",
      "integrity": "sha512-Ge7WQ3E0OC7FHYprsZV3h0QIcpdyJLvIeg+uTuHqRYm8D6qCFJoiC+edSzSyFiHtZf+NOQDJ1q46qxjtzIY2nA==",
      "requires": {
        "tslib": "^1.11.1"
      },
      "dependencies": {
        "tslib": {
          "version": "1.14.1",
          "resolved": "https://registry.npmjs.org/tslib/-/tslib-1.14.1.tgz",
          "integrity": "sha512-Xni35NKzjgMrwevysHTCArtLDpPvye8zV/0E4EyYn43P7/7qvQwPh9BGkHewbMulVntbigmcT7rdX3BNo9wRJg=="
        }
      }
    },
    "@aws-crypto/util": {
      "version": "2.0.0",
      "resolved": "https://registry.npmjs.org/@aws-crypto/util/-/util-2.0.0.tgz",
      "integrity": "sha512-YDooyH83m2P5A3h6lNH7hm6mIP93sU/dtzRmXIgtO4BCB7SvtX8ysVKQAE8tVky2DQ3HHxPCjNTuUe7YoAMrNQ==",
      "requires": {
        "@aws-sdk/types": "^3.1.0",
        "@aws-sdk/util-utf8-browser": "^3.0.0",
        "tslib": "^1.11.1"
      },
      "dependencies": {
        "tslib": {
          "version": "1.14.1",
          "resolved": "https://registry.npmjs.org/tslib/-/tslib-1.14.1.tgz",
          "integrity": "sha512-Xni35NKzjgMrwevysHTCArtLDpPvye8zV/0E4EyYn43P7/7qvQwPh9BGkHewbMulVntbigmcT7rdX3BNo9wRJg=="
        }
      }
    },
    "@aws-sdk/abort-controller": {
      "version": "3.40.0",
      "resolved": "https://registry.npmjs.org/@aws-sdk/abort-controller/-/abort-controller-3.40.0.tgz",
      "integrity": "sha512-S7LzLvNuwuf0q7r4q7zqGzxd/W2xYsn8cpZ90MMb3ObolhbkLySrikUJujmXae8k+2/KFCOr+FVC0YLrATSUgQ==",
      "requires": {
        "@aws-sdk/types": "3.40.0",
        "tslib": "^2.3.0"
      }
    },
    "@aws-sdk/client-cognito-identity-provider": {
      "version": "3.41.0",
      "resolved": "https://registry.npmjs.org/@aws-sdk/client-cognito-identity-provider/-/client-cognito-identity-provider-3.41.0.tgz",
      "integrity": "sha512-Od4Ml8UASgcK7y+eg/wm2HBk+tg7FobDeCXiiuS5VZsBvokjk37OWEwxIWGAjBKG3s7u08x8F8CKEjFIpPZE/A==",
      "requires": {
        "@aws-crypto/sha256-browser": "2.0.0",
        "@aws-crypto/sha256-js": "2.0.0",
        "@aws-sdk/client-sts": "3.41.0",
        "@aws-sdk/config-resolver": "3.40.0",
        "@aws-sdk/credential-provider-node": "3.41.0",
        "@aws-sdk/fetch-http-handler": "3.40.0",
        "@aws-sdk/hash-node": "3.40.0",
        "@aws-sdk/invalid-dependency": "3.40.0",
        "@aws-sdk/middleware-content-length": "3.40.0",
        "@aws-sdk/middleware-host-header": "3.40.0",
        "@aws-sdk/middleware-logger": "3.40.0",
        "@aws-sdk/middleware-retry": "3.40.0",
        "@aws-sdk/middleware-serde": "3.40.0",
        "@aws-sdk/middleware-signing": "3.40.0",
        "@aws-sdk/middleware-stack": "3.40.0",
        "@aws-sdk/middleware-user-agent": "3.40.0",
        "@aws-sdk/node-config-provider": "3.40.0",
        "@aws-sdk/node-http-handler": "3.40.0",
        "@aws-sdk/protocol-http": "3.40.0",
        "@aws-sdk/smithy-client": "3.41.0",
        "@aws-sdk/types": "3.40.0",
        "@aws-sdk/url-parser": "3.40.0",
        "@aws-sdk/util-base64-browser": "3.37.0",
        "@aws-sdk/util-base64-node": "3.37.0",
        "@aws-sdk/util-body-length-browser": "3.37.0",
        "@aws-sdk/util-body-length-node": "3.37.0",
        "@aws-sdk/util-user-agent-browser": "3.40.0",
        "@aws-sdk/util-user-agent-node": "3.40.0",
        "@aws-sdk/util-utf8-browser": "3.37.0",
        "@aws-sdk/util-utf8-node": "3.37.0",
        "tslib": "^2.3.0"
      }
    },
    "@aws-sdk/client-sso": {
      "version": "3.41.0",
      "resolved": "https://registry.npmjs.org/@aws-sdk/client-sso/-/client-sso-3.41.0.tgz",
      "integrity": "sha512-xDvcy7wv3KdHhOpl5fZN+Ydw+dHBmsCZwMFI1ZdJVCSGO+ZKgl5KVWi1LCif6vjZP1pUuGl44oDOZz1ACqOzTg==",
      "requires": {
        "@aws-crypto/sha256-browser": "2.0.0",
        "@aws-crypto/sha256-js": "2.0.0",
        "@aws-sdk/config-resolver": "3.40.0",
        "@aws-sdk/fetch-http-handler": "3.40.0",
        "@aws-sdk/hash-node": "3.40.0",
        "@aws-sdk/invalid-dependency": "3.40.0",
        "@aws-sdk/middleware-content-length": "3.40.0",
        "@aws-sdk/middleware-host-header": "3.40.0",
        "@aws-sdk/middleware-logger": "3.40.0",
        "@aws-sdk/middleware-retry": "3.40.0",
        "@aws-sdk/middleware-serde": "3.40.0",
        "@aws-sdk/middleware-stack": "3.40.0",
        "@aws-sdk/middleware-user-agent": "3.40.0",
        "@aws-sdk/node-config-provider": "3.40.0",
        "@aws-sdk/node-http-handler": "3.40.0",
        "@aws-sdk/protocol-http": "3.40.0",
        "@aws-sdk/smithy-client": "3.41.0",
        "@aws-sdk/types": "3.40.0",
        "@aws-sdk/url-parser": "3.40.0",
        "@aws-sdk/util-base64-browser": "3.37.0",
        "@aws-sdk/util-base64-node": "3.37.0",
        "@aws-sdk/util-body-length-browser": "3.37.0",
        "@aws-sdk/util-body-length-node": "3.37.0",
        "@aws-sdk/util-user-agent-browser": "3.40.0",
        "@aws-sdk/util-user-agent-node": "3.40.0",
        "@aws-sdk/util-utf8-browser": "3.37.0",
        "@aws-sdk/util-utf8-node": "3.37.0",
        "tslib": "^2.3.0"
      }
    },
    "@aws-sdk/client-sts": {
      "version": "3.41.0",
      "resolved": "https://registry.npmjs.org/@aws-sdk/client-sts/-/client-sts-3.41.0.tgz",
      "integrity": "sha512-XTjmr53kMbXuVhH3B+g2jEYuhNralptsMSd4RcSHCB7BX1NmAMnMFKKTmVlmc5NizWi4x1CzExu86Q0YSqp0og==",
      "requires": {
        "@aws-crypto/sha256-browser": "2.0.0",
        "@aws-crypto/sha256-js": "2.0.0",
        "@aws-sdk/config-resolver": "3.40.0",
        "@aws-sdk/credential-provider-node": "3.41.0",
        "@aws-sdk/fetch-http-handler": "3.40.0",
        "@aws-sdk/hash-node": "3.40.0",
        "@aws-sdk/invalid-dependency": "3.40.0",
        "@aws-sdk/middleware-content-length": "3.40.0",
        "@aws-sdk/middleware-host-header": "3.40.0",
        "@aws-sdk/middleware-logger": "3.40.0",
        "@aws-sdk/middleware-retry": "3.40.0",
        "@aws-sdk/middleware-sdk-sts": "3.40.0",
        "@aws-sdk/middleware-serde": "3.40.0",
        "@aws-sdk/middleware-signing": "3.40.0",
        "@aws-sdk/middleware-stack": "3.40.0",
        "@aws-sdk/middleware-user-agent": "3.40.0",
        "@aws-sdk/node-config-provider": "3.40.0",
        "@aws-sdk/node-http-handler": "3.40.0",
        "@aws-sdk/protocol-http": "3.40.0",
        "@aws-sdk/smithy-client": "3.41.0",
        "@aws-sdk/types": "3.40.0",
        "@aws-sdk/url-parser": "3.40.0",
        "@aws-sdk/util-base64-browser": "3.37.0",
        "@aws-sdk/util-base64-node": "3.37.0",
        "@aws-sdk/util-body-length-browser": "3.37.0",
        "@aws-sdk/util-body-length-node": "3.37.0",
        "@aws-sdk/util-user-agent-browser": "3.40.0",
        "@aws-sdk/util-user-agent-node": "3.40.0",
        "@aws-sdk/util-utf8-browser": "3.37.0",
        "@aws-sdk/util-utf8-node": "3.37.0",
        "entities": "2.2.0",
        "fast-xml-parser": "3.19.0",
        "tslib": "^2.3.0"
      }
    },
    "@aws-sdk/config-resolver": {
      "version": "3.40.0",
      "resolved": "https://registry.npmjs.org/@aws-sdk/config-resolver/-/config-resolver-3.40.0.tgz",
      "integrity": "sha512-QYy6J2k31QL6J74hPBfptnLW1kQYdN+xjwH4UQ1mv7EUhRoJN9ZY2soStJowFy4at6IIOOVWbyG5dyqvrbEovg==",
      "requires": {
        "@aws-sdk/signature-v4": "3.40.0",
        "@aws-sdk/types": "3.40.0",
        "@aws-sdk/util-config-provider": "3.40.0",
        "tslib": "^2.3.0"
      }
    },
    "@aws-sdk/credential-provider-env": {
      "version": "3.40.0",
      "resolved": "https://registry.npmjs.org/@aws-sdk/credential-provider-env/-/credential-provider-env-3.40.0.tgz",
      "integrity": "sha512-qHZdf2vxhzZkSygjw2I4SEYFL2dMZxxYvO4QlkqQouKY81OVxs/j69oiNCjPasQzGz5jaZZKI8xEAIfkSyr1lg==",
      "requires": {
        "@aws-sdk/property-provider": "3.40.0",
        "@aws-sdk/types": "3.40.0",
        "tslib": "^2.3.0"
      }
    },
    "@aws-sdk/credential-provider-imds": {
      "version": "3.40.0",
      "resolved": "https://registry.npmjs.org/@aws-sdk/credential-provider-imds/-/credential-provider-imds-3.40.0.tgz",
      "integrity": "sha512-Ty/wVa+BQrCFrP06AGl5S1CeLifDt68YrlYXUnkRn603SX4DvxBgVO7XFeDH58G8ziDCiqxfmVl4yjbncPPeSw==",
      "requires": {
        "@aws-sdk/node-config-provider": "3.40.0",
        "@aws-sdk/property-provider": "3.40.0",
        "@aws-sdk/types": "3.40.0",
        "@aws-sdk/url-parser": "3.40.0",
        "tslib": "^2.3.0"
      }
    },
    "@aws-sdk/credential-provider-ini": {
      "version": "3.41.0",
      "resolved": "https://registry.npmjs.org/@aws-sdk/credential-provider-ini/-/credential-provider-ini-3.41.0.tgz",
      "integrity": "sha512-98CGEHg7Tb6HxK5ZIdbAcijvD3IpLe0ddse1xMe/Ilhjz770FS/L2UNprOP6PZTqrSfBffiMrvfThUSuUaTlIQ==",
      "requires": {
        "@aws-sdk/credential-provider-env": "3.40.0",
        "@aws-sdk/credential-provider-imds": "3.40.0",
        "@aws-sdk/credential-provider-sso": "3.41.0",
        "@aws-sdk/credential-provider-web-identity": "3.41.0",
        "@aws-sdk/property-provider": "3.40.0",
        "@aws-sdk/shared-ini-file-loader": "3.37.0",
        "@aws-sdk/types": "3.40.0",
        "@aws-sdk/util-credentials": "3.37.0",
        "tslib": "^2.3.0"
      }
    },
    "@aws-sdk/credential-provider-node": {
      "version": "3.41.0",
      "resolved": "https://registry.npmjs.org/@aws-sdk/credential-provider-node/-/credential-provider-node-3.41.0.tgz",
      "integrity": "sha512-5FW6+wNJgyDCsbAd+mLm/1DBTDkyIYOMVzcxbr6Vi3pM4UrMFdeLdAP62edYW8usg78Xg+c6vaAoEv/M3zkS0Q==",
      "requires": {
        "@aws-sdk/credential-provider-env": "3.40.0",
        "@aws-sdk/credential-provider-imds": "3.40.0",
        "@aws-sdk/credential-provider-ini": "3.41.0",
        "@aws-sdk/credential-provider-process": "3.40.0",
        "@aws-sdk/credential-provider-sso": "3.41.0",
        "@aws-sdk/credential-provider-web-identity": "3.41.0",
        "@aws-sdk/property-provider": "3.40.0",
        "@aws-sdk/shared-ini-file-loader": "3.37.0",
        "@aws-sdk/types": "3.40.0",
        "@aws-sdk/util-credentials": "3.37.0",
        "tslib": "^2.3.0"
      }
    },
    "@aws-sdk/credential-provider-process": {
      "version": "3.40.0",
      "resolved": "https://registry.npmjs.org/@aws-sdk/credential-provider-process/-/credential-provider-process-3.40.0.tgz",
      "integrity": "sha512-qsaNCDesW2GasDbzpeOA371gxugi05JWxt3EKonLbUfkGKBK7kmmL6EgLIxZuNm2/Ve4RS07PKp8yBGm4xIx9w==",
      "requires": {
        "@aws-sdk/property-provider": "3.40.0",
        "@aws-sdk/shared-ini-file-loader": "3.37.0",
        "@aws-sdk/types": "3.40.0",
        "@aws-sdk/util-credentials": "3.37.0",
        "tslib": "^2.3.0"
      }
    },
    "@aws-sdk/credential-provider-sso": {
      "version": "3.41.0",
      "resolved": "https://registry.npmjs.org/@aws-sdk/credential-provider-sso/-/credential-provider-sso-3.41.0.tgz",
      "integrity": "sha512-9s7SWu3RVIQ/MTcBCt35EMzxNQm3avivrbpSOKfJwxR5L+oNKPsV+gSqMlkNZGwOVJyUicIsZGcq/4ON6CjrOg==",
      "requires": {
        "@aws-sdk/client-sso": "3.41.0",
        "@aws-sdk/property-provider": "3.40.0",
        "@aws-sdk/shared-ini-file-loader": "3.37.0",
        "@aws-sdk/types": "3.40.0",
        "@aws-sdk/util-credentials": "3.37.0",
        "tslib": "^2.3.0"
      }
    },
    "@aws-sdk/credential-provider-web-identity": {
      "version": "3.41.0",
      "resolved": "https://registry.npmjs.org/@aws-sdk/credential-provider-web-identity/-/credential-provider-web-identity-3.41.0.tgz",
      "integrity": "sha512-VqvVoEh9C8xTXl4stKyJC5IKQhS8g1Gi5k6B9HPHLIxFRRfKxkE73DT4pMN6npnus7o0yi0MTFGQFQGYSrFO2g==",
      "requires": {
        "@aws-sdk/property-provider": "3.40.0",
        "@aws-sdk/types": "3.40.0",
        "tslib": "^2.3.0"
      }
    },
    "@aws-sdk/fetch-http-handler": {
      "version": "3.40.0",
      "resolved": "https://registry.npmjs.org/@aws-sdk/fetch-http-handler/-/fetch-http-handler-3.40.0.tgz",
      "integrity": "sha512-w1HiZromoU+/bbEo89uO81l6UO/M+c2uOMnXntZqe6t3ZHUUUo3AbvhKh0QGVFqRQa+Oi0+95KqWmTHa72/9Iw==",
      "requires": {
        "@aws-sdk/protocol-http": "3.40.0",
        "@aws-sdk/querystring-builder": "3.40.0",
        "@aws-sdk/types": "3.40.0",
        "@aws-sdk/util-base64-browser": "3.37.0",
        "tslib": "^2.3.0"
      }
    },
    "@aws-sdk/hash-node": {
      "version": "3.40.0",
      "resolved": "https://registry.npmjs.org/@aws-sdk/hash-node/-/hash-node-3.40.0.tgz",
      "integrity": "sha512-yOXXK85DdGDktdnQtXgMdaVKii4wtMjEhJ1mrvx2A9nMFNaPhxvERkVVIUKSWlJRa9ZujOw5jWOx8d2R51/Kjg==",
      "requires": {
        "@aws-sdk/types": "3.40.0",
        "@aws-sdk/util-buffer-from": "3.37.0",
        "tslib": "^2.3.0"
      }
    },
    "@aws-sdk/invalid-dependency": {
      "version": "3.40.0",
      "resolved": "https://registry.npmjs.org/@aws-sdk/invalid-dependency/-/invalid-dependency-3.40.0.tgz",
      "integrity": "sha512-axIWtDwCBDDqEgAJipX1FB1ZNpWYXquVwKDMo+7G+ftPBZ4FEq4M1ELhXJL3hhNJ9ZmCQzv+4F6Wnt8dwuzUaQ==",
      "requires": {
        "@aws-sdk/types": "3.40.0",
        "tslib": "^2.3.0"
      }
    },
    "@aws-sdk/is-array-buffer": {
      "version": "3.37.0",
      "resolved": "https://registry.npmjs.org/@aws-sdk/is-array-buffer/-/is-array-buffer-3.37.0.tgz",
      "integrity": "sha512-XLjA/a6AuGnCvcJZLsMTy2jxF2upgGhqCCkoIJgLlzzXHSihur13KcmPvW/zcaGnCRj0SvKWXiJHl4vDlW75VQ==",
      "requires": {
        "tslib": "^2.3.0"
      }
    },
    "@aws-sdk/middleware-content-length": {
      "version": "3.40.0",
      "resolved": "https://registry.npmjs.org/@aws-sdk/middleware-content-length/-/middleware-content-length-3.40.0.tgz",
      "integrity": "sha512-sybAJb8v7I/vvL08R3+TI/XDAg9gybQTZ2treC24Ap4+jAOz4QBTHJPMKaUlEeFlMUcq4rj6/u2897ebYH6opw==",
      "requires": {
        "@aws-sdk/protocol-http": "3.40.0",
        "@aws-sdk/types": "3.40.0",
        "tslib": "^2.3.0"
      }
    },
    "@aws-sdk/middleware-host-header": {
      "version": "3.40.0",
      "resolved": "https://registry.npmjs.org/@aws-sdk/middleware-host-header/-/middleware-host-header-3.40.0.tgz",
      "integrity": "sha512-/wocR7JFOLM7/+BQM1DgAd6KCFYcdxYu1P7AhI451GlVNuYa5f89zh7p0gt3SRC6monI5lXgpL7RudhDm8fTrA==",
      "requires": {
        "@aws-sdk/protocol-http": "3.40.0",
        "@aws-sdk/types": "3.40.0",
        "tslib": "^2.3.0"
      }
    },
    "@aws-sdk/middleware-logger": {
      "version": "3.40.0",
      "resolved": "https://registry.npmjs.org/@aws-sdk/middleware-logger/-/middleware-logger-3.40.0.tgz",
      "integrity": "sha512-19kx0Xg5ymVRKoupmhdmfTBkROcv3DZj508agpyG2YAo0abOObMlIP4Jltg0VD4PhNjGzNh0jFGJnvhjdwv4/A==",
      "requires": {
        "@aws-sdk/types": "3.40.0",
        "tslib": "^2.3.0"
      }
    },
    "@aws-sdk/middleware-retry": {
      "version": "3.40.0",
      "resolved": "https://registry.npmjs.org/@aws-sdk/middleware-retry/-/middleware-retry-3.40.0.tgz",
      "integrity": "sha512-SMUJrukugLL7YJE5X8B2ToukxMWMPwnf7jAFr84ptycCe8bdWv8x8klQ3EtVWpyqochtNlbTi6J/tTQBniUX7A==",
      "requires": {
        "@aws-sdk/protocol-http": "3.40.0",
        "@aws-sdk/service-error-classification": "3.40.0",
        "@aws-sdk/types": "3.40.0",
        "tslib": "^2.3.0",
        "uuid": "^8.3.2"
      }
    },
    "@aws-sdk/middleware-sdk-sts": {
      "version": "3.40.0",
      "resolved": "https://registry.npmjs.org/@aws-sdk/middleware-sdk-sts/-/middleware-sdk-sts-3.40.0.tgz",
      "integrity": "sha512-TcrbCvj1PkabFZiNczT3yePZtuEm2fAIw1OVnQyLcF2KW+p62Hv5YkK4MPOfx3LA/0lzjOUO1RNl2x7gzV443Q==",
      "requires": {
        "@aws-sdk/middleware-signing": "3.40.0",
        "@aws-sdk/property-provider": "3.40.0",
        "@aws-sdk/protocol-http": "3.40.0",
        "@aws-sdk/signature-v4": "3.40.0",
        "@aws-sdk/types": "3.40.0",
        "tslib": "^2.3.0"
      }
    },
    "@aws-sdk/middleware-serde": {
      "version": "3.40.0",
      "resolved": "https://registry.npmjs.org/@aws-sdk/middleware-serde/-/middleware-serde-3.40.0.tgz",
      "integrity": "sha512-uOWfZjlAoBy6xPqp0d4ka83WNNbEVCWn9WwfqBUXThyoTdTooYSpXe5y2YzN0BJa8b+tEZTyWpgamnBpFLp47g==",
      "requires": {
        "@aws-sdk/types": "3.40.0",
        "tslib": "^2.3.0"
      }
    },
    "@aws-sdk/middleware-signing": {
      "version": "3.40.0",
      "resolved": "https://registry.npmjs.org/@aws-sdk/middleware-signing/-/middleware-signing-3.40.0.tgz",
      "integrity": "sha512-RqK5nPbfma0qInMvjtpVkDYY/KkFS6EKlOv3DWTdxbXJ4YuOxgKiuUromhmBUoyjFag0JO7LUWod07H+/DawoA==",
      "requires": {
        "@aws-sdk/property-provider": "3.40.0",
        "@aws-sdk/protocol-http": "3.40.0",
        "@aws-sdk/signature-v4": "3.40.0",
        "@aws-sdk/types": "3.40.0",
        "tslib": "^2.3.0"
      }
    },
    "@aws-sdk/middleware-stack": {
      "version": "3.40.0",
      "resolved": "https://registry.npmjs.org/@aws-sdk/middleware-stack/-/middleware-stack-3.40.0.tgz",
      "integrity": "sha512-hby9HvESUYJxpdALX+6Dn2LPmS5jtMVurGB/+j3MWOvIcDYB4bcSXgVRvXzYnTKwbSupIdbX9zOE2ZAx2SJpUQ==",
      "requires": {
        "tslib": "^2.3.0"
      }
    },
    "@aws-sdk/middleware-user-agent": {
      "version": "3.40.0",
      "resolved": "https://registry.npmjs.org/@aws-sdk/middleware-user-agent/-/middleware-user-agent-3.40.0.tgz",
      "integrity": "sha512-dzC2fxWnanetFJ1oYgil8df3N36bR1yc/OCOpbdfQNiUk1FrXiCXqH5rHNO8zCvnwJAj8GHFwpFGd9a2Qube2w==",
      "requires": {
        "@aws-sdk/protocol-http": "3.40.0",
        "@aws-sdk/types": "3.40.0",
        "tslib": "^2.3.0"
      }
    },
    "@aws-sdk/node-config-provider": {
      "version": "3.40.0",
      "resolved": "https://registry.npmjs.org/@aws-sdk/node-config-provider/-/node-config-provider-3.40.0.tgz",
      "integrity": "sha512-AmokjgUDECG8osoMfdRsPNweqI+L1pn4bYGk5iTLmzbBi0o4ot0U1FdX8Rf0qJZZwS4t1TXc3s8/PDVknmPxKg==",
      "requires": {
        "@aws-sdk/property-provider": "3.40.0",
        "@aws-sdk/shared-ini-file-loader": "3.37.0",
        "@aws-sdk/types": "3.40.0",
        "tslib": "^2.3.0"
      }
    },
    "@aws-sdk/node-http-handler": {
      "version": "3.40.0",
      "resolved": "https://registry.npmjs.org/@aws-sdk/node-http-handler/-/node-http-handler-3.40.0.tgz",
      "integrity": "sha512-qjda6IbxDhbYr8NHmrMurKkbjgLUkfTMVgagDErDK24Nm3Dn5VaO6J4n6c0Q4OLHlmFaRcUfZSTrOo5DAubqCw==",
      "requires": {
        "@aws-sdk/abort-controller": "3.40.0",
        "@aws-sdk/protocol-http": "3.40.0",
        "@aws-sdk/querystring-builder": "3.40.0",
        "@aws-sdk/types": "3.40.0",
        "tslib": "^2.3.0"
      }
    },
    "@aws-sdk/property-provider": {
      "version": "3.40.0",
      "resolved": "https://registry.npmjs.org/@aws-sdk/property-provider/-/property-provider-3.40.0.tgz",
      "integrity": "sha512-Mx4lkShjsYRwW9ujHA1pcnuubrWQ4kF5/DXWNfUiXuSIO/0Lojp1qTLheyBm4vzkJIlx5umyP6NvRAUkEHSN4Q==",
      "requires": {
        "@aws-sdk/types": "3.40.0",
        "tslib": "^2.3.0"
      }
    },
    "@aws-sdk/protocol-http": {
      "version": "3.40.0",
      "resolved": "https://registry.npmjs.org/@aws-sdk/protocol-http/-/protocol-http-3.40.0.tgz",
      "integrity": "sha512-f4ea7/HZkjpvGBrnRIuzc/bhrExWrgDv7eulj4htPukZGHdTqSJD3Jk8lEXWvFuX2vUKQDGhEhCDsqup7YWJQQ==",
      "requires": {
        "@aws-sdk/types": "3.40.0",
        "tslib": "^2.3.0"
      }
    },
    "@aws-sdk/querystring-builder": {
      "version": "3.40.0",
      "resolved": "https://registry.npmjs.org/@aws-sdk/querystring-builder/-/querystring-builder-3.40.0.tgz",
      "integrity": "sha512-gO24oipnNaxJRBXB7lhLfa96vIMOd8gtMBqJTjelTjS2e1ZP1YY12CNKKTWwafSk8Ge021erZAG/YTOaXGpv+g==",
      "requires": {
        "@aws-sdk/types": "3.40.0",
        "@aws-sdk/util-uri-escape": "3.37.0",
        "tslib": "^2.3.0"
      }
    },
    "@aws-sdk/querystring-parser": {
      "version": "3.40.0",
      "resolved": "https://registry.npmjs.org/@aws-sdk/querystring-parser/-/querystring-parser-3.40.0.tgz",
      "integrity": "sha512-XZIyaKQIiZAM6zelCBcsLHhVDOLafi7XIOd3jy6SymGN8ajj3HqUJ/vdQ5G6ISTk18OrqgqcCOI9oNzv+nrBcA==",
      "requires": {
        "@aws-sdk/types": "3.40.0",
        "tslib": "^2.3.0"
      }
    },
    "@aws-sdk/service-error-classification": {
      "version": "3.40.0",
      "resolved": "https://registry.npmjs.org/@aws-sdk/service-error-classification/-/service-error-classification-3.40.0.tgz",
      "integrity": "sha512-c8btKmkvjXczWudXubGdbO3JgmjySBUVC/gCrZDNfwNGsG8RYJJQYYcnmt1gWjelUZsgMDl/2PIzxTlxVF91rA=="
    },
    "@aws-sdk/shared-ini-file-loader": {
      "version": "3.37.0",
      "resolved": "https://registry.npmjs.org/@aws-sdk/shared-ini-file-loader/-/shared-ini-file-loader-3.37.0.tgz",
      "integrity": "sha512-+vRBSlfa48R9KL7DpQt3dsu5/+5atjRgoCISblWo3SLpjrx41pKcjKneo7a1u0aP1Xc2oG2TfIyqTWZuOXsmEQ==",
      "requires": {
        "tslib": "^2.3.0"
      }
    },
    "@aws-sdk/signature-v4": {
      "version": "3.40.0",
      "resolved": "https://registry.npmjs.org/@aws-sdk/signature-v4/-/signature-v4-3.40.0.tgz",
      "integrity": "sha512-Q1GNZJRCS3W2qsRtDsX/b6EOSfMXfr6TW46N3LnLTGYZ3KAN2SOSJ1DsW59AuGpEZyRmOhJ9L/Q5U403+bZMXQ==",
      "requires": {
        "@aws-sdk/is-array-buffer": "3.37.0",
        "@aws-sdk/types": "3.40.0",
        "@aws-sdk/util-hex-encoding": "3.37.0",
        "@aws-sdk/util-uri-escape": "3.37.0",
        "tslib": "^2.3.0"
      }
    },
    "@aws-sdk/smithy-client": {
      "version": "3.41.0",
      "resolved": "https://registry.npmjs.org/@aws-sdk/smithy-client/-/smithy-client-3.41.0.tgz",
      "integrity": "sha512-ldhS0Pf3v6yHCd//kk5DvKcdyeUkKEwxNDRanAp+ekTW68J3XcYgKaPC9sNDhVTDH1zrywTvtEz5zWHEvXjQow==",
      "requires": {
        "@aws-sdk/middleware-stack": "3.40.0",
        "@aws-sdk/types": "3.40.0",
        "tslib": "^2.3.0"
      }
    },
    "@aws-sdk/types": {
      "version": "3.40.0",
      "resolved": "https://registry.npmjs.org/@aws-sdk/types/-/types-3.40.0.tgz",
      "integrity": "sha512-KpILcfvRaL88TLvo3SY4OuCCg90SvcNLPyjDwUuBqiOyWODjrKShHtAPJzej4CLp92lofh+ul0UnBfV9Jb/5PA=="
    },
    "@aws-sdk/url-parser": {
      "version": "3.40.0",
      "resolved": "https://registry.npmjs.org/@aws-sdk/url-parser/-/url-parser-3.40.0.tgz",
      "integrity": "sha512-HwNV+HX7bHgLk5FzTOgdXANsC0SeVz5PMC4Nh+TLz2IoeQnrw4H8dsA4YNonncjern5oC5veKRjQeOoCL5SlSQ==",
      "requires": {
        "@aws-sdk/querystring-parser": "3.40.0",
        "@aws-sdk/types": "3.40.0",
        "tslib": "^2.3.0"
      }
    },
    "@aws-sdk/util-base64-browser": {
      "version": "3.37.0",
      "resolved": "https://registry.npmjs.org/@aws-sdk/util-base64-browser/-/util-base64-browser-3.37.0.tgz",
      "integrity": "sha512-o4s/rHVm5k8eC/T7grJQINyYA/mKfDmEWKMA9wk5iBroXlI2rUm7x649TBk5hzoddufk/mffEeNz/1wM7yTmlg==",
      "requires": {
        "tslib": "^2.3.0"
      }
    },
    "@aws-sdk/util-base64-node": {
      "version": "3.37.0",
      "resolved": "https://registry.npmjs.org/@aws-sdk/util-base64-node/-/util-base64-node-3.37.0.tgz",
      "integrity": "sha512-1UPxly1GPrGZtlIWvbNCDIAund4Oyp8cFi9neA43TeNACvrmEQu/nG01pDbOoo0ENoVSVJrNAVBeqKEpqjH2GA==",
      "requires": {
        "@aws-sdk/util-buffer-from": "3.37.0",
        "tslib": "^2.3.0"
      }
    },
    "@aws-sdk/util-body-length-browser": {
      "version": "3.37.0",
      "resolved": "https://registry.npmjs.org/@aws-sdk/util-body-length-browser/-/util-body-length-browser-3.37.0.tgz",
      "integrity": "sha512-tClmH1uYelqWT43xxmnOsVFbCQJiIwizp6y4E109G2LIof07inxrO0L8nbwBpjhugVplx6NZr9IaqTFqbdM1gA==",
      "requires": {
        "tslib": "^2.3.0"
      }
    },
    "@aws-sdk/util-body-length-node": {
      "version": "3.37.0",
      "resolved": "https://registry.npmjs.org/@aws-sdk/util-body-length-node/-/util-body-length-node-3.37.0.tgz",
      "integrity": "sha512-aY3mXdbEajruRi9CHgq/heM89R+Gectj/Xrs1naewmamaN8NJrvjDm3s+cw//lqqSOW903LYHXDgm7wvCzUnFA==",
      "requires": {
        "tslib": "^2.3.0"
      }
    },
    "@aws-sdk/util-buffer-from": {
      "version": "3.37.0",
      "resolved": "https://registry.npmjs.org/@aws-sdk/util-buffer-from/-/util-buffer-from-3.37.0.tgz",
      "integrity": "sha512-aa3SBwjLwImuJoE4+hxDIWQ9REz3UFb3p7KFPe9qopdXb/yB12RTcbrXVb4whUux4i4mO6KRij0ZNjFZrjrKPg==",
      "requires": {
        "@aws-sdk/is-array-buffer": "3.37.0",
        "tslib": "^2.3.0"
      }
    },
    "@aws-sdk/util-config-provider": {
      "version": "3.40.0",
      "resolved": "https://registry.npmjs.org/@aws-sdk/util-config-provider/-/util-config-provider-3.40.0.tgz",
      "integrity": "sha512-NjZGrA4mqhpr6gkVCAUweurP0Z9d3vFyXJCtulC0BFbpKAnKCf/crSK56NwUaNhAEMCkSuBvjRFzkbfT+HO8bA==",
      "requires": {
        "tslib": "^2.3.0"
      }
    },
    "@aws-sdk/util-credentials": {
      "version": "3.37.0",
      "resolved": "https://registry.npmjs.org/@aws-sdk/util-credentials/-/util-credentials-3.37.0.tgz",
      "integrity": "sha512-zcLhSZDKgBLhUjSU5HoQpuQiP3v8oE86NmV/tiZVPEaO6YVULEAB2Cfj1hpM/b/JXWzjSHfT06KXT7QUODKS+A==",
      "requires": {
        "@aws-sdk/shared-ini-file-loader": "3.37.0",
        "tslib": "^2.3.0"
      }
    },
    "@aws-sdk/util-hex-encoding": {
      "version": "3.37.0",
      "resolved": "https://registry.npmjs.org/@aws-sdk/util-hex-encoding/-/util-hex-encoding-3.37.0.tgz",
      "integrity": "sha512-tn5UpfaeM+rZWqynoNqB8lwtcAXil5YYO3HLGH9himpWAdft/2Z7LK6bsYDpctaAI1WHgMDcL0bw3Id04ZUbhA==",
      "requires": {
        "tslib": "^2.3.0"
      }
    },
    "@aws-sdk/util-locate-window": {
      "version": "3.37.0",
      "resolved": "https://registry.npmjs.org/@aws-sdk/util-locate-window/-/util-locate-window-3.37.0.tgz",
      "integrity": "sha512-NvDCfOhLLVHp27oGUUs8EVirhz91aX5gdxGS7J/sh5PF0cNN8rwaR1vSLR7BxPmJHMO7NH7i9EwiELfLfYcq6g==",
      "requires": {
        "tslib": "^2.3.0"
      }
    },
    "@aws-sdk/util-uri-escape": {
      "version": "3.37.0",
      "resolved": "https://registry.npmjs.org/@aws-sdk/util-uri-escape/-/util-uri-escape-3.37.0.tgz",
      "integrity": "sha512-8pKf4YJTELP5lm/CEgYw2atyJBB1RWWqFa0sZx6YJmTlOtLF5G6raUdAi4iDa2hldGt2B6IAdIIyuusT8zeU8Q==",
      "requires": {
        "tslib": "^2.3.0"
      }
    },
    "@aws-sdk/util-user-agent-browser": {
      "version": "3.40.0",
      "resolved": "https://registry.npmjs.org/@aws-sdk/util-user-agent-browser/-/util-user-agent-browser-3.40.0.tgz",
      "integrity": "sha512-C69sTI26bV2EprTv3DTXu9XP7kD9Wu4YVPBzqztOYArd2GDYw3w+jS8SEg3XRbjAKY/mOPZ2Thw4StjpZlWZiA==",
      "requires": {
        "@aws-sdk/types": "3.40.0",
        "bowser": "^2.11.0",
        "tslib": "^2.3.0"
      }
    },
    "@aws-sdk/util-user-agent-node": {
      "version": "3.40.0",
      "resolved": "https://registry.npmjs.org/@aws-sdk/util-user-agent-node/-/util-user-agent-node-3.40.0.tgz",
      "integrity": "sha512-cjIzd0hRZFTTh7iLJD6Bciu++Em1iaM1clyG02xRl0JD5DEtDSR1zO02uu+AeM7GSLGOxIvwOkK2j8ySPAOmBA==",
      "requires": {
        "@aws-sdk/node-config-provider": "3.40.0",
        "@aws-sdk/types": "3.40.0",
        "tslib": "^2.3.0"
      }
    },
    "@aws-sdk/util-utf8-browser": {
      "version": "3.37.0",
      "resolved": "https://registry.npmjs.org/@aws-sdk/util-utf8-browser/-/util-utf8-browser-3.37.0.tgz",
      "integrity": "sha512-tuiOxzfqet1kKGYzlgpMGfhr64AHJnYsFx2jZiH/O6Yq8XQg43ryjQlbJlim/K/XHGNzY0R+nabeJg34q3Ua1g==",
      "requires": {
        "tslib": "^2.3.0"
      }
    },
    "@aws-sdk/util-utf8-node": {
      "version": "3.37.0",
      "resolved": "https://registry.npmjs.org/@aws-sdk/util-utf8-node/-/util-utf8-node-3.37.0.tgz",
      "integrity": "sha512-fUAgd7UTCULL36j9/vnXHxVhxvswnq23mYgTCIT8NQ7wHN30q2a89ym1e9DwGeQkJEBOkOcKLn6nsMsN7YQMDQ==",
      "requires": {
        "@aws-sdk/util-buffer-from": "3.37.0",
        "tslib": "^2.3.0"
      }
    },
    "@types/aws-lambda": {
      "version": "8.10.85",
      "resolved": "https://registry.npmjs.org/@types/aws-lambda/-/aws-lambda-8.10.85.tgz",
      "integrity": "sha512-cMRXVxb+NMb6EekKel1fPBfz2ZqE5cGhIS14G7FVUM4Bqilx0lHKnZbsDLWLSeckDpkvlp5six2F7UWyEEJSoQ==",
      "dev": true
    },
    "async": {
      "version": "1.2.1",
      "resolved": "https://registry.npmjs.org/async/-/async-1.2.1.tgz",
      "integrity": "sha1-pIFqF81f9RbfosdpikUzabl5DeA="
    },
    "bowser": {
      "version": "2.11.0",
      "resolved": "https://registry.npmjs.org/bowser/-/bowser-2.11.0.tgz",
      "integrity": "sha512-AlcaJBi/pqqJBIQ8U9Mcpc9i8Aqxn88Skv5d+xBX006BY5u8N3mGLHa5Lgppa7L/HfwgwLgZ6NYs+Ag6uUmJRA=="
    },
    "console-polyfill": {
      "version": "0.3.0",
      "resolved": "https://registry.npmjs.org/console-polyfill/-/console-polyfill-0.3.0.tgz",
      "integrity": "sha512-w+JSDZS7XML43Xnwo2x5O5vxB0ID7T5BdqDtyqT6uiCAX2kZAgcWxNaGqT97tZfSHzfOcvrfsDAodKcJ3UvnXQ=="
    },
    "decache": {
      "version": "3.1.0",
      "resolved": "https://registry.npmjs.org/decache/-/decache-3.1.0.tgz",
      "integrity": "sha1-T1A2+9ZYH8yXI3rDlUokS5U2wto=",
      "optional": true,
      "requires": {
        "find": "^0.2.4"
      }
    },
    "entities": {
      "version": "2.2.0",
      "resolved": "https://registry.npmjs.org/entities/-/entities-2.2.0.tgz",
      "integrity": "sha512-p92if5Nz619I0w+akJrLZH0MX0Pb5DX39XOwQTtXSdQQOaYH03S1uIQp4mhOZtAXrxq4ViO67YTiLBo2638o9A=="
    },
    "error-stack-parser": {
      "version": "2.0.6",
      "resolved": "https://registry.npmjs.org/error-stack-parser/-/error-stack-parser-2.0.6.tgz",
      "integrity": "sha512-d51brTeqC+BHlwF0BhPtcYgF5nlzf9ZZ0ZIUQNZpc9ZB9qw5IJ2diTrBY9jlCJkTLITYPjmiX6OWCwH+fuyNgQ==",
      "requires": {
        "stackframe": "^1.1.1"
      }
    },
    "esbuild": {
      "version": "0.13.14",
      "resolved": "https://registry.npmjs.org/esbuild/-/esbuild-0.13.14.tgz",
      "integrity": "sha512-xu4D+1ji9x53ocuomcY+KOrwAnWzhBu/wTEjpdgZ8I1c8i5vboYIeigMdzgY1UowYBKa2vZgVgUB32bu7gkxeg==",
      "dev": true,
      "requires": {
        "esbuild-android-arm64": "0.13.14",
        "esbuild-darwin-64": "0.13.14",
        "esbuild-darwin-arm64": "0.13.14",
        "esbuild-freebsd-64": "0.13.14",
        "esbuild-freebsd-arm64": "0.13.14",
        "esbuild-linux-32": "0.13.14",
        "esbuild-linux-64": "0.13.14",
        "esbuild-linux-arm": "0.13.14",
        "esbuild-linux-arm64": "0.13.14",
        "esbuild-linux-mips64le": "0.13.14",
        "esbuild-linux-ppc64le": "0.13.14",
        "esbuild-netbsd-64": "0.13.14",
        "esbuild-openbsd-64": "0.13.14",
        "esbuild-sunos-64": "0.13.14",
        "esbuild-windows-32": "0.13.14",
        "esbuild-windows-64": "0.13.14",
        "esbuild-windows-arm64": "0.13.14"
      }
    },
    "esbuild-android-arm64": {
      "version": "0.13.14",
      "resolved": "https://registry.npmjs.org/esbuild-android-arm64/-/esbuild-android-arm64-0.13.14.tgz",
      "integrity": "sha512-Q+Xhfp827r+ma8/DJgpMRUbDZfefsk13oePFEXEIJ4gxFbNv5+vyiYXYuKm43/+++EJXpnaYmEnu4hAKbAWYbA==",
      "dev": true,
      "optional": true
    },
    "esbuild-darwin-64": {
      "version": "0.13.14",
      "resolved": "https://registry.npmjs.org/esbuild-darwin-64/-/esbuild-darwin-64-0.13.14.tgz",
      "integrity": "sha512-YmOhRns6QBNSjpVdTahi/yZ8dscx9ai7a6OY6z5ACgOuQuaQ2Qk2qgJ0/siZ6LgD0gJFMV8UINFV5oky5TFNQQ==",
      "dev": true,
      "optional": true
    },
    "esbuild-darwin-arm64": {
      "version": "0.13.14",
      "resolved": "https://registry.npmjs.org/esbuild-darwin-arm64/-/esbuild-darwin-arm64-0.13.14.tgz",
      "integrity": "sha512-Lp00VTli2jqZghSa68fx3fEFCPsO1hK59RMo1PRap5RUjhf55OmaZTZYnCDI0FVlCtt+gBwX5qwFt4lc6tI1xg==",
      "dev": true,
      "optional": true
    },
    "esbuild-freebsd-64": {
      "version": "0.13.14",
      "resolved": "https://registry.npmjs.org/esbuild-freebsd-64/-/esbuild-freebsd-64-0.13.14.tgz",
      "integrity": "sha512-BKosI3jtvTfnmsCW37B1TyxMUjkRWKqopR0CE9AF2ratdpkxdR24Vpe3gLKNyWiZ7BE96/SO5/YfhbPUzY8wKw==",
      "dev": true,
      "optional": true
    },
    "esbuild-freebsd-arm64": {
      "version": "0.13.14",
      "resolved": "https://registry.npmjs.org/esbuild-freebsd-arm64/-/esbuild-freebsd-arm64-0.13.14.tgz",
      "integrity": "sha512-yd2uh0yf+fWv5114+SYTl4/1oDWtr4nN5Op+PGxAkMqHfYfLjFKpcxwCo/QOS/0NWqPVE8O41IYZlFhbEN2B8Q==",
      "dev": true,
      "optional": true
    },
    "esbuild-linux-32": {
      "version": "0.13.14",
      "resolved": "https://registry.npmjs.org/esbuild-linux-32/-/esbuild-linux-32-0.13.14.tgz",
      "integrity": "sha512-a8rOnS1oWSfkkYWXoD2yXNV4BdbDKA7PNVQ1klqkY9SoSApL7io66w5H44mTLsfyw7G6Z2vLlaLI2nz9MMAowA==",
      "dev": true,
      "optional": true
    },
    "esbuild-linux-64": {
      "version": "0.13.14",
      "resolved": "https://registry.npmjs.org/esbuild-linux-64/-/esbuild-linux-64-0.13.14.tgz",
      "integrity": "sha512-yPZSoMs9W2MC3Dw+6kflKt5FfQm6Dicex9dGIr1OlHRsn3Hm7yGMUTctlkW53KknnZdOdcdd5upxvbxqymczVQ==",
      "dev": true,
      "optional": true
    },
    "esbuild-linux-arm": {
      "version": "0.13.14",
      "resolved": "https://registry.npmjs.org/esbuild-linux-arm/-/esbuild-linux-arm-0.13.14.tgz",
      "integrity": "sha512-8chZE4pkKRvJ/M/iwsNQ1KqsRg2RyU5eT/x2flNt/f8F2TVrDreR7I0HEeCR50wLla3B1C3wTIOzQBmjuc6uWg==",
      "dev": true,
      "optional": true
    },
    "esbuild-linux-arm64": {
      "version": "0.13.14",
      "resolved": "https://registry.npmjs.org/esbuild-linux-arm64/-/esbuild-linux-arm64-0.13.14.tgz",
      "integrity": "sha512-Lvo391ln9PzC334e+jJ2S0Rt0cxP47eoH5gFyv/E8HhOnEJTvm7A+RRnMjjHnejELacTTfYgFGQYPjLsi/jObQ==",
      "dev": true,
      "optional": true
    },
    "esbuild-linux-mips64le": {
      "version": "0.13.14",
      "resolved": "https://registry.npmjs.org/esbuild-linux-mips64le/-/esbuild-linux-mips64le-0.13.14.tgz",
      "integrity": "sha512-MZhgxbmrWbpY3TOE029O6l5tokG9+Yoj2hW7vdit/d/VnmneqeGrSHADuDL6qXM8L5jaCiaivb4VhsyVCpdAbQ==",
      "dev": true,
      "optional": true
    },
    "esbuild-linux-ppc64le": {
      "version": "0.13.14",
      "resolved": "https://registry.npmjs.org/esbuild-linux-ppc64le/-/esbuild-linux-ppc64le-0.13.14.tgz",
      "integrity": "sha512-un7KMwS7fX1Un6BjfSZxTT8L5cV/8Uf4SAhM7WYy2XF8o8TI+uRxxD03svZnRNIPsN2J5cl6qV4n7Iwz+yhhVw==",
      "dev": true,
      "optional": true
    },
    "esbuild-netbsd-64": {
      "version": "0.13.14",
      "resolved": "https://registry.npmjs.org/esbuild-netbsd-64/-/esbuild-netbsd-64-0.13.14.tgz",
      "integrity": "sha512-5ekKx/YbOmmlTeNxBjh38Uh5TGn5C4uyqN17i67k18pS3J+U2hTVD7rCxcFcRS1AjNWumkVL3jWqYXadFwMS0Q==",
      "dev": true,
      "optional": true
    },
    "esbuild-openbsd-64": {
      "version": "0.13.14",
      "resolved": "https://registry.npmjs.org/esbuild-openbsd-64/-/esbuild-openbsd-64-0.13.14.tgz",
      "integrity": "sha512-9bzvwewHjct2Cv5XcVoE1yW5YTW12Sk838EYfA46abgnhxGoFSD1mFcaztp5HHC43AsF+hQxbSFG/RilONARUA==",
      "dev": true,
      "optional": true
    },
    "esbuild-sunos-64": {
      "version": "0.13.14",
      "resolved": "https://registry.npmjs.org/esbuild-sunos-64/-/esbuild-sunos-64-0.13.14.tgz",
      "integrity": "sha512-mjMrZB76M6FmoiTvj/RGWilrioR7gVwtFBRVugr9qLarXMIU1W/pQx+ieEOtflrW61xo8w1fcxyHsVVGRvoQ0w==",
      "dev": true,
      "optional": true
    },
    "esbuild-windows-32": {
      "version": "0.13.14",
      "resolved": "https://registry.npmjs.org/esbuild-windows-32/-/esbuild-windows-32-0.13.14.tgz",
      "integrity": "sha512-GZa6mrx2rgfbH/5uHg0Rdw50TuOKbdoKCpEBitzmG5tsXBdce+cOL+iFO5joZc6fDVCLW3Y6tjxmSXRk/v20Hg==",
      "dev": true,
      "optional": true
    },
    "esbuild-windows-64": {
      "version": "0.13.14",
      "resolved": "https://registry.npmjs.org/esbuild-windows-64/-/esbuild-windows-64-0.13.14.tgz",
      "integrity": "sha512-Lsgqah24bT7ClHjLp/Pj3A9wxjhIAJyWQcrOV4jqXAFikmrp2CspA8IkJgw7HFjx6QrJuhpcKVbCAe/xw0i2yw==",
      "dev": true,
      "optional": true
    },
    "esbuild-windows-arm64": {
      "version": "0.13.14",
      "resolved": "https://registry.npmjs.org/esbuild-windows-arm64/-/esbuild-windows-arm64-0.13.14.tgz",
      "integrity": "sha512-KP8FHVlWGhM7nzYtURsGnskXb/cBCPTfj0gOKfjKq2tHtYnhDZywsUG57nk7TKhhK0fL11LcejHG3LRW9RF/9A==",
      "dev": true,
      "optional": true
    },
    "fast-xml-parser": {
      "version": "3.19.0",
      "resolved": "https://registry.npmjs.org/fast-xml-parser/-/fast-xml-parser-3.19.0.tgz",
      "integrity": "sha512-4pXwmBplsCPv8FOY1WRakF970TjNGnGnfbOnLqjlYvMiF1SR3yOHyxMR/YCXpPTOspNF5gwudqktIP4VsWkvBg=="
    },
    "find": {
      "version": "0.2.9",
      "resolved": "https://registry.npmjs.org/find/-/find-0.2.9.tgz",
      "integrity": "sha1-S3Px/55WrZG3bnFkB/5f/mVUu4w=",
      "optional": true,
      "requires": {
        "traverse-chain": "~0.1.0"
      }
    },
    "is_js": {
      "version": "0.9.0",
      "resolved": "https://registry.npmjs.org/is_js/-/is_js-0.9.0.tgz",
      "integrity": "sha1-CrlFQFArp6+iTIVqqYVWFmnpxS0="
    },
    "json-stringify-safe": {
      "version": "5.0.1",
      "resolved": "https://registry.npmjs.org/json-stringify-safe/-/json-stringify-safe-5.0.1.tgz",
      "integrity": "sha1-Epai1Y/UXxmg9s4B1lcB4sc1tus="
    },
    "lru-cache": {
      "version": "2.2.4",
      "resolved": "https://registry.npmjs.org/lru-cache/-/lru-cache-2.2.4.tgz",
      "integrity": "sha1-bGWGGb7PFAMdDQtZSxYELOTcBj0="
    },
    "request-ip": {
      "version": "2.0.2",
      "resolved": "https://registry.npmjs.org/request-ip/-/request-ip-2.0.2.tgz",
      "integrity": "sha1-3urm1K8hdoSX24zQX6NxQ/jxJX4=",
      "requires": {
        "is_js": "^0.9.0"
      }
    },
    "rollbar": {
      "version": "2.24.0",
      "resolved": "https://registry.npmjs.org/rollbar/-/rollbar-2.24.0.tgz",
      "integrity": "sha512-cjAGDeTOUH5Bc4qzXlrp2D3eTO51adMWMxzOrr079t/nZidrO8ISBFM8SnazJVv5fOjIX5VbB/4a+gwbn9l4rw==",
      "requires": {
        "async": "~1.2.1",
        "console-polyfill": "0.3.0",
        "decache": "^3.0.5",
        "error-stack-parser": "^2.0.4",
        "json-stringify-safe": "~5.0.0",
        "lru-cache": "~2.2.1",
        "request-ip": "~2.0.1",
        "source-map": "^0.5.7",
        "uuid": "3.0.x"
      },
      "dependencies": {
        "uuid": {
          "version": "3.0.1",
          "resolved": "https://registry.npmjs.org/uuid/-/uuid-3.0.1.tgz",
          "integrity": "sha1-ZUS7ot/ajBzxfmKaOjBeK7H+5sE="
        }
      }
    },
    "source-map": {
      "version": "0.5.7",
      "resolved": "https://registry.npmjs.org/source-map/-/source-map-0.5.7.tgz",
      "integrity": "sha1-igOdLRAh0i0eoUyA2OpGi6LvP8w="
    },
    "stackframe": {
      "version": "1.2.0",
      "resolved": "https://registry.npmjs.org/stackframe/-/stackframe-1.2.0.tgz",
      "integrity": "sha512-GrdeshiRmS1YLMYgzF16olf2jJ/IzxXY9lhKOskuVziubpTYcYqyOwYeJKzQkwy7uN0fYSsbsC4RQaXf9LCrYA=="
    },
    "traverse-chain": {
      "version": "0.1.0",
      "resolved": "https://registry.npmjs.org/traverse-chain/-/traverse-chain-0.1.0.tgz",
      "integrity": "sha1-YdvC1Ttp/2CRoSoWj9fUMxB+QPE=",
      "optional": true
    },
    "tslib": {
      "version": "2.3.1",
      "resolved": "https://registry.npmjs.org/tslib/-/tslib-2.3.1.tgz",
      "integrity": "sha512-77EbyPPpMz+FRFRuAFlWMtmgUWGe9UOG2Z25NqCwiIjRhOf5iKGuzSe5P2w1laq+FkRy4p+PCuVkJSGkzTEKVw=="
    },
    "uuid": {
      "version": "8.3.2",
      "resolved": "https://registry.npmjs.org/uuid/-/uuid-8.3.2.tgz",
      "integrity": "sha512-+NYs2QeMWy+GWFOEm9xnn6HCDp0l7QBD7ml8zLUmJ+93Q5NF0NocErnwkTkXVFNiX3/fpC6afS8Dhb/gz7R7eg=="
    }
  }
}
